
Microsoft Visual Studio Solution File, Format Version 12.00
# Visual Studio Version 17
VisualStudioVersion = 17.11.35219.272
MinimumVisualStudioVersion = 10.0.40219.1
Project("{FAE04EC0-301F-11D3-BF4B-00C04F79EFBC}") = "CSharpCourse.DesignPatterns.Tests", "CSharpCourse.DesignPatterns.Tests\CSharpCourse.DesignPatterns.Tests.csproj", "{95BE3658-7E0A-406A-895D-A853BF6797E1}"
EndProject
Project("{FAE04EC0-301F-11D3-BF4B-00C04F79EFBC}") = "CSharpCourse.DesignPatterns", "CSharpCourse.DesignPatterns\CSharpCourse.DesignPatterns.csproj", "{27BD51B3-5464-40EE-A6AB-E8FA6D424933}"
EndProject
Global
	GlobalSection(SolutionConfigurationPlatforms) = preSolution
		Debug|Any CPU = Debug|Any CPU
		Release|Any CPU = Release|Any CPU
	EndGlobalSection
	GlobalSection(ProjectConfigurationPlatforms) = postSolution
		{E0CC93C5-9502-4272-AD59-5125E1ECC668}.Debug|Any CPU.ActiveCfg = Debug|Any CPU
		{E0CC93C5-9502-4272-AD59-5125E1ECC668}.Debug|Any CPU.Build.0 = Debug|Any CPU
		{E0CC93C5-9502-4272-AD59-5125E1ECC668}.Release|Any CPU.ActiveCfg = Release|Any CPU
		{E0CC93C5-9502-4272-AD59-5125E1ECC668}.Release|Any CPU.Build.0 = Release|Any CPU
		{95BE3658-7E0A-406A-895D-A853BF6797E1}.Debug|Any CPU.ActiveCfg = Debug|Any CPU
		{95BE3658-7E0A-406A-895D-A853BF6797E1}.Debug|Any CPU.Build.0 = Debug|Any CPU
		{95BE3658-7E0A-406A-895D-A853BF6797E1}.Release|Any CPU.ActiveCfg = Release|Any CPU
		{95BE3658-7E0A-406A-895D-A853BF6797E1}.Release|Any CPU.Build.0 = Release|Any CPU
		{27BD51B3-5464-40EE-A6AB-E8FA6D424933}.Debug|Any CPU.ActiveCfg = Debug|Any CPU
		{27BD51B3-5464-40EE-A6AB-E8FA6D424933}.Debug|Any CPU.Build.0 = Debug|Any CPU
		{27BD51B3-5464-40EE-A6AB-E8FA6D424933}.Release|Any CPU.ActiveCfg = Release|Any CPU
		{27BD51B3-5464-40EE-A6AB-E8FA6D424933}.Release|Any CPU.Build.0 = Release|Any CPU
	EndGlobalSection
	GlobalSection(SolutionProperties) = preSolution
		HideSolutionNode = FALSE
	EndGlobalSection
	GlobalSection(ExtensibilityGlobals) = postSolution
		SolutionGuid = {909D1F92-857D-41B7-B10F-3D7A1FCBFF22}
	EndGlobalSection
EndGlobal
